
Microsoft Visual Studio Solution File, Format Version 12.00
# Visual Studio Version 17
VisualStudioVersion = 17.10.35122.118
MinimumVisualStudioVersion = 10.0.40219.1
Project("{FAE04EC0-301F-11D3-BF4B-00C04F79EFBC}") = "LINQ02", "LINQ02\LINQ02.csproj", "{73023F29-E9FD-4A9A-AB69-471304361426}"
EndProject
Global
	GlobalSection(SolutionConfigurationPlatforms) = preSolution
		Debug|Any CPU = Debug|Any CPU
		Release|Any CPU = Release|Any CPU
	EndGlobalSection
	GlobalSection(ProjectConfigurationPlatforms) = postSolution
		{73023F29-E9FD-4A9A-AB69-471304361426}.Debug|Any CPU.ActiveCfg = Debug|Any CPU
		{73023F29-E9FD-4A9A-AB69-471304361426}.Debug|Any CPU.Build.0 = Debug|Any CPU
		{73023F29-E9FD-4A9A-AB69-471304361426}.Release|Any CPU.ActiveCfg = Release|Any CPU
		{73023F29-E9FD-4A9A-AB69-471304361426}.Release|Any CPU.Build.0 = Release|Any CPU
	EndGlobalSection
	GlobalSection(SolutionProperties) = preSolution
		HideSolutionNode = FALSE
	EndGlobalSection
	GlobalSection(ExtensibilityGlobals) = postSolution
		SolutionGuid = {D0A6C880-9169-40EF-B902-25570AB9CF18}
	EndGlobalSection
EndGlobal
